
Microsoft Visual Studio Solution File, Format Version 12.00
# Visual Studio 15
VisualStudioVersion = 15.0.27703.2042
MinimumVisualStudioVersion = 10.0.40219.1
Project("{FAE04EC0-301F-11D3-BF4B-00C04F79EFBC}") = "NetNativeError", "NetNativeError\NetNativeError.csproj", "{E32E8C8E-42A5-4B03-ADA9-58966C2C01E0}"
EndProject
Global
	GlobalSection(SolutionConfigurationPlatforms) = preSolution
		Debug|Any CPU = Debug|Any CPU
		Release|Any CPU = Release|Any CPU
	EndGlobalSection
	GlobalSection(ProjectConfigurationPlatforms) = postSolution
		{E32E8C8E-42A5-4B03-ADA9-58966C2C01E0}.Debug|Any CPU.ActiveCfg = Debug|Any CPU
		{E32E8C8E-42A5-4B03-ADA9-58966C2C01E0}.Debug|Any CPU.Build.0 = Debug|Any CPU
		{E32E8C8E-42A5-4B03-ADA9-58966C2C01E0}.Release|Any CPU.ActiveCfg = Release|Any CPU
		{E32E8C8E-42A5-4B03-ADA9-58966C2C01E0}.Release|Any CPU.Build.0 = Release|Any CPU
	EndGlobalSection
	GlobalSection(SolutionProperties) = preSolution
		HideSolutionNode = FALSE
	EndGlobalSection
	GlobalSection(ExtensibilityGlobals) = postSolution
		SolutionGuid = {8DA81721-7A28-4AEA-AC16-8177E0649FC9}
	EndGlobalSection
EndGlobal
