
Microsoft Visual Studio Solution File, Format Version 12.00
# Visual Studio 15
VisualStudioVersion = 15.0.27703.2042
MinimumVisualStudioVersion = 10.0.40219.1
Project("{FAE04EC0-301F-11D3-BF4B-00C04F79EFBC}") = "NetNativeError.Control", "NetNativeError.Control\NetNativeError.Control.csproj", "{FA7D7958-AF7E-4B93-BFF8-236564987881}"
EndProject
Project("{FAE04EC0-301F-11D3-BF4B-00C04F79EFBC}") = "NetNativeError.Error", "NetNativeError.Error\NetNativeError.Error.csproj", "{DEA0FDC0-E3E7-47F0-A020-6CBE0C1271C3}"
EndProject
Global
	GlobalSection(SolutionConfigurationPlatforms) = preSolution
		Debug|ARM = Debug|ARM
		Debug|x64 = Debug|x64
		Debug|x86 = Debug|x86
		Release|ARM = Release|ARM
		Release|x64 = Release|x64
		Release|x86 = Release|x86
	EndGlobalSection
	GlobalSection(ProjectConfigurationPlatforms) = postSolution
		{FA7D7958-AF7E-4B93-BFF8-236564987881}.Debug|ARM.ActiveCfg = Debug|ARM
		{FA7D7958-AF7E-4B93-BFF8-236564987881}.Debug|ARM.Build.0 = Debug|ARM
		{FA7D7958-AF7E-4B93-BFF8-236564987881}.Debug|ARM.Deploy.0 = Debug|ARM
		{FA7D7958-AF7E-4B93-BFF8-236564987881}.Debug|x64.ActiveCfg = Debug|x64
		{FA7D7958-AF7E-4B93-BFF8-236564987881}.Debug|x64.Build.0 = Debug|x64
		{FA7D7958-AF7E-4B93-BFF8-236564987881}.Debug|x64.Deploy.0 = Debug|x64
		{FA7D7958-AF7E-4B93-BFF8-236564987881}.Debug|x86.ActiveCfg = Debug|x86
		{FA7D7958-AF7E-4B93-BFF8-236564987881}.Debug|x86.Build.0 = Debug|x86
		{FA7D7958-AF7E-4B93-BFF8-236564987881}.Debug|x86.Deploy.0 = Debug|x86
		{FA7D7958-AF7E-4B93-BFF8-236564987881}.Release|ARM.ActiveCfg = Release|ARM
		{FA7D7958-AF7E-4B93-BFF8-236564987881}.Release|ARM.Build.0 = Release|ARM
		{FA7D7958-AF7E-4B93-BFF8-236564987881}.Release|ARM.Deploy.0 = Release|ARM
		{FA7D7958-AF7E-4B93-BFF8-236564987881}.Release|x64.ActiveCfg = Release|x64
		{FA7D7958-AF7E-4B93-BFF8-236564987881}.Release|x64.Build.0 = Release|x64
		{FA7D7958-AF7E-4B93-BFF8-236564987881}.Release|x64.Deploy.0 = Release|x64
		{FA7D7958-AF7E-4B93-BFF8-236564987881}.Release|x86.ActiveCfg = Release|x86
		{FA7D7958-AF7E-4B93-BFF8-236564987881}.Release|x86.Build.0 = Release|x86
		{FA7D7958-AF7E-4B93-BFF8-236564987881}.Release|x86.Deploy.0 = Release|x86
		{DEA0FDC0-E3E7-47F0-A020-6CBE0C1271C3}.Debug|ARM.ActiveCfg = Debug|ARM
		{DEA0FDC0-E3E7-47F0-A020-6CBE0C1271C3}.Debug|ARM.Build.0 = Debug|ARM
		{DEA0FDC0-E3E7-47F0-A020-6CBE0C1271C3}.Debug|ARM.Deploy.0 = Debug|ARM
		{DEA0FDC0-E3E7-47F0-A020-6CBE0C1271C3}.Debug|x64.ActiveCfg = Debug|x64
		{DEA0FDC0-E3E7-47F0-A020-6CBE0C1271C3}.Debug|x64.Build.0 = Debug|x64
		{DEA0FDC0-E3E7-47F0-A020-6CBE0C1271C3}.Debug|x64.Deploy.0 = Debug|x64
		{DEA0FDC0-E3E7-47F0-A020-6CBE0C1271C3}.Debug|x86.ActiveCfg = Debug|x86
		{DEA0FDC0-E3E7-47F0-A020-6CBE0C1271C3}.Debug|x86.Build.0 = Debug|x86
		{DEA0FDC0-E3E7-47F0-A020-6CBE0C1271C3}.Debug|x86.Deploy.0 = Debug|x86
		{DEA0FDC0-E3E7-47F0-A020-6CBE0C1271C3}.Release|ARM.ActiveCfg = Release|ARM
		{DEA0FDC0-E3E7-47F0-A020-6CBE0C1271C3}.Release|ARM.Build.0 = Release|ARM
		{DEA0FDC0-E3E7-47F0-A020-6CBE0C1271C3}.Release|ARM.Deploy.0 = Release|ARM
		{DEA0FDC0-E3E7-47F0-A020-6CBE0C1271C3}.Release|x64.ActiveCfg = Release|x64
		{DEA0FDC0-E3E7-47F0-A020-6CBE0C1271C3}.Release|x64.Build.0 = Release|x64
		{DEA0FDC0-E3E7-47F0-A020-6CBE0C1271C3}.Release|x64.Deploy.0 = Release|x64
		{DEA0FDC0-E3E7-47F0-A020-6CBE0C1271C3}.Release|x86.ActiveCfg = Release|x86
		{DEA0FDC0-E3E7-47F0-A020-6CBE0C1271C3}.Release|x86.Build.0 = Release|x86
		{DEA0FDC0-E3E7-47F0-A020-6CBE0C1271C3}.Release|x86.Deploy.0 = Release|x86
	EndGlobalSection
	GlobalSection(SolutionProperties) = preSolution
		HideSolutionNode = FALSE
	EndGlobalSection
	GlobalSection(ExtensibilityGlobals) = postSolution
		SolutionGuid = {8DA81721-7A28-4AEA-AC16-8177E0649FC9}
	EndGlobalSection
EndGlobal
